{
  "name": "cdk-stage-deps",
  "version": "1.0.0",
  "lockfileVersion": 1,
  "requires": true,
  "dependencies": {
    "@aws-cdk/assets": {
      "version": "1.61.0",
      "resolved": "https://registry.npmjs.org/@aws-cdk/assets/-/assets-1.61.0.tgz",
      "integrity": "sha512-VJfH8oVAsIa5lo+SmDF5d6r1J9Fb9TrnQINrzr68shhdY/RAkys5cr9SXO4lcpWmGsNXB9z+tEtEz9IT79e2QA==",
      "requires": {
        "@aws-cdk/core": "1.61.0",
        "@aws-cdk/cx-api": "1.61.0",
        "constructs": "^3.0.4"
      }
    },
    "@aws-cdk/aws-apigateway": {
      "version": "1.61.0",
      "resolved": "https://registry.npmjs.org/@aws-cdk/aws-apigateway/-/aws-apigateway-1.61.0.tgz",
      "integrity": "sha512-ilmwI1lyKvCu3FwWDBmC+ivzk9L7duLLr6jtJ3uerPE+faxyKXqbAinzh6+WymCHS/aQ04XjDzQbRMNGBYIVvA==",
      "requires": {
        "@aws-cdk/assets": "1.61.0",
        "@aws-cdk/aws-certificatemanager": "1.61.0",
        "@aws-cdk/aws-ec2": "1.61.0",
        "@aws-cdk/aws-elasticloadbalancingv2": "1.61.0",
        "@aws-cdk/aws-iam": "1.61.0",
        "@aws-cdk/aws-lambda": "1.61.0",
        "@aws-cdk/aws-logs": "1.61.0",
        "@aws-cdk/aws-s3": "1.61.0",
        "@aws-cdk/aws-s3-assets": "1.61.0",
        "@aws-cdk/core": "1.61.0",
        "@aws-cdk/cx-api": "1.61.0",
        "constructs": "^3.0.4"
      }
    },
    "@aws-cdk/aws-applicationautoscaling": {
      "version": "1.61.0",
      "resolved": "https://registry.npmjs.org/@aws-cdk/aws-applicationautoscaling/-/aws-applicationautoscaling-1.61.0.tgz",
      "integrity": "sha512-KP2zJ2hJYZgrl2glfCFpK0l9PJderMNS2MAH7xr0JuiFwAPuJgNEmOkrtVAgrsTGFDBisvXQpqr6L84EQxBfyw==",
      "requires": {
        "@aws-cdk/aws-autoscaling-common": "1.61.0",
        "@aws-cdk/aws-cloudwatch": "1.61.0",
        "@aws-cdk/aws-iam": "1.61.0",
        "@aws-cdk/core": "1.61.0",
        "constructs": "^3.0.4"
      }
    },
    "@aws-cdk/aws-autoscaling": {
      "version": "1.61.0",
      "resolved": "https://registry.npmjs.org/@aws-cdk/aws-autoscaling/-/aws-autoscaling-1.61.0.tgz",
      "integrity": "sha512-+9HXYOPkO5YK/onma+8LcvG3Hcv/WLEODDupwvIYNfnNM5FiUddOt+Iwg0D4zZESSZFyfTV460rahcKg0BrKWA==",
      "requires": {
        "@aws-cdk/aws-autoscaling-common": "1.61.0",
        "@aws-cdk/aws-cloudwatch": "1.61.0",
        "@aws-cdk/aws-ec2": "1.61.0",
        "@aws-cdk/aws-elasticloadbalancing": "1.61.0",
        "@aws-cdk/aws-elasticloadbalancingv2": "1.61.0",
        "@aws-cdk/aws-iam": "1.61.0",
        "@aws-cdk/aws-sns": "1.61.0",
        "@aws-cdk/core": "1.61.0",
        "constructs": "^3.0.4"
      }
    },
    "@aws-cdk/aws-autoscaling-common": {
      "version": "1.61.0",
      "resolved": "https://registry.npmjs.org/@aws-cdk/aws-autoscaling-common/-/aws-autoscaling-common-1.61.0.tgz",
      "integrity": "sha512-Mc02ZTp6gGGOycYHygyTWfXMajOi5bEAq6d6nJOQdzZSj2oiRmtQeF/Fd4earXFcl+lhSFMyUPEQPvZyvngQWQ==",
      "requires": {
        "@aws-cdk/aws-iam": "1.61.0",
        "@aws-cdk/core": "1.61.0",
        "constructs": "^3.0.4"
      }
    },
    "@aws-cdk/aws-autoscaling-hooktargets": {
      "version": "1.61.0",
      "resolved": "https://registry.npmjs.org/@aws-cdk/aws-autoscaling-hooktargets/-/aws-autoscaling-hooktargets-1.61.0.tgz",
      "integrity": "sha512-K4StVogz377EWzn3nTkHRkBmgZ/UsbGJJsCQu5AgzGWJb6So+lyxmC42T55MXuW6/IPvDe/WMbB2q/gbnvAkHw==",
      "requires": {
        "@aws-cdk/aws-autoscaling": "1.61.0",
        "@aws-cdk/aws-iam": "1.61.0",
        "@aws-cdk/aws-kms": "1.61.0",
        "@aws-cdk/aws-lambda": "1.61.0",
        "@aws-cdk/aws-sns": "1.61.0",
        "@aws-cdk/aws-sns-subscriptions": "1.61.0",
        "@aws-cdk/aws-sqs": "1.61.0",
        "@aws-cdk/core": "1.61.0",
        "constructs": "^3.0.4"
      }
    },
    "@aws-cdk/aws-batch": {
      "version": "1.61.0",
      "resolved": "https://registry.npmjs.org/@aws-cdk/aws-batch/-/aws-batch-1.61.0.tgz",
      "integrity": "sha512-hxHocupbyWCtn3W68z7pqBzXHyqpOv+BmX6b87KnNHGRJP1/fPm6pXZCAYKlM3dWff091Cx4adm3/1sxLv0o4Q==",
      "requires": {
        "@aws-cdk/aws-ec2": "1.61.0",
        "@aws-cdk/aws-ecr": "1.61.0",
        "@aws-cdk/aws-ecs": "1.61.0",
        "@aws-cdk/aws-iam": "1.61.0",
        "@aws-cdk/core": "1.61.0",
        "constructs": "^3.0.4"
      }
    },
    "@aws-cdk/aws-certificatemanager": {
      "version": "1.61.0",
      "resolved": "https://registry.npmjs.org/@aws-cdk/aws-certificatemanager/-/aws-certificatemanager-1.61.0.tgz",
      "integrity": "sha512-sTLmDyh8aER9ovvXuK1Q8Jcs1PY1H0W5Rg2ueCZvCNO5NktGsbt5oYZZiDFyIEtuASuArGp0XjkLP+qtPC6J3w==",
      "requires": {
        "@aws-cdk/aws-iam": "1.61.0",
        "@aws-cdk/aws-lambda": "1.61.0",
        "@aws-cdk/aws-route53": "1.61.0",
        "@aws-cdk/core": "1.61.0",
        "constructs": "^3.0.4"
      }
    },
    "@aws-cdk/aws-cloudformation": {
      "version": "1.61.0",
      "resolved": "https://registry.npmjs.org/@aws-cdk/aws-cloudformation/-/aws-cloudformation-1.61.0.tgz",
      "integrity": "sha512-e7mti0sWR6Sf4tav36bu379kkG5E33VMPLZaT8RkhXkIl97c1OaGHVx5G1Oe5DiHka08c+PA6da8ahkrR1wSkQ==",
      "requires": {
        "@aws-cdk/aws-iam": "1.61.0",
        "@aws-cdk/aws-lambda": "1.61.0",
        "@aws-cdk/aws-s3": "1.61.0",
        "@aws-cdk/aws-sns": "1.61.0",
        "@aws-cdk/core": "1.61.0",
        "@aws-cdk/cx-api": "1.61.0",
        "constructs": "^3.0.4"
      }
    },
    "@aws-cdk/aws-cloudfront": {
      "version": "1.61.0",
      "resolved": "https://registry.npmjs.org/@aws-cdk/aws-cloudfront/-/aws-cloudfront-1.61.0.tgz",
      "integrity": "sha512-ZMG5YvAezW3wOCLgkZYZO3Sf38Af868O3OdPApE8ruKziMAwwUyI8N5k2osV41CYH8g7Wgl7PvlwDPP40R0Xng==",
      "requires": {
        "@aws-cdk/aws-certificatemanager": "1.61.0",
        "@aws-cdk/aws-iam": "1.61.0",
        "@aws-cdk/aws-kms": "1.61.0",
        "@aws-cdk/aws-lambda": "1.61.0",
        "@aws-cdk/aws-s3": "1.61.0",
        "@aws-cdk/core": "1.61.0",
        "constructs": "^3.0.4"
      }
    },
    "@aws-cdk/aws-cloudwatch": {
      "version": "1.61.0",
      "resolved": "https://registry.npmjs.org/@aws-cdk/aws-cloudwatch/-/aws-cloudwatch-1.61.0.tgz",
      "integrity": "sha512-/Lp+8OU82m2+VX0GDeO8RIzyJDEvZQQaSQYflXRAFxFDrHiU6i4kXLbr1j4jebB9r+NSEAZ6XopBNg+JsAXGug==",
      "requires": {
        "@aws-cdk/aws-iam": "1.61.0",
        "@aws-cdk/core": "1.61.0",
        "constructs": "^3.0.4"
      }
    },
    "@aws-cdk/aws-codebuild": {
      "version": "1.61.0",
      "resolved": "https://registry.npmjs.org/@aws-cdk/aws-codebuild/-/aws-codebuild-1.61.0.tgz",
      "integrity": "sha512-EXx7z4vzvUUSvvIldJMqS0dZwKmv3Is7+Aco50u+Xc/t4ekua7uXZSzN4A76zOG0lV0YshrwqnBQpbwDG1d7kA==",
      "requires": {
        "@aws-cdk/assets": "1.61.0",
        "@aws-cdk/aws-cloudwatch": "1.61.0",
        "@aws-cdk/aws-codecommit": "1.61.0",
        "@aws-cdk/aws-ec2": "1.61.0",
        "@aws-cdk/aws-ecr": "1.61.0",
        "@aws-cdk/aws-ecr-assets": "1.61.0",
        "@aws-cdk/aws-events": "1.61.0",
        "@aws-cdk/aws-iam": "1.61.0",
        "@aws-cdk/aws-kms": "1.61.0",
        "@aws-cdk/aws-s3": "1.61.0",
        "@aws-cdk/aws-s3-assets": "1.61.0",
        "@aws-cdk/aws-secretsmanager": "1.61.0",
        "@aws-cdk/core": "1.61.0",
        "@aws-cdk/region-info": "1.61.0",
        "constructs": "^3.0.4"
      }
    },
    "@aws-cdk/aws-codecommit": {
      "version": "1.61.0",
      "resolved": "https://registry.npmjs.org/@aws-cdk/aws-codecommit/-/aws-codecommit-1.61.0.tgz",
      "integrity": "sha512-n6+umFIHSEQz5oWG9xH5bwCwQSZSINVWbBBFYI9XjJvUC7TyeEHa32zhBm2F5Yt0WBA4Etn9qO4MEqnVOdqxbw==",
      "requires": {
        "@aws-cdk/aws-events": "1.61.0",
        "@aws-cdk/aws-iam": "1.61.0",
        "@aws-cdk/core": "1.61.0",
        "constructs": "^3.0.4"
      }
    },
    "@aws-cdk/aws-codedeploy": {
      "version": "1.61.0",
      "resolved": "https://registry.npmjs.org/@aws-cdk/aws-codedeploy/-/aws-codedeploy-1.61.0.tgz",
      "integrity": "sha512-t+EJqdnKXimQwRtfjE0fSZbPGLM8GlVkAlYwriQHoSTz6DVYBw1xQsp/yRr+8T76NhoGIIiFX9ytkU/X45Ijmw==",
      "requires": {
        "@aws-cdk/aws-autoscaling": "1.61.0",
        "@aws-cdk/aws-cloudwatch": "1.61.0",
        "@aws-cdk/aws-ec2": "1.61.0",
        "@aws-cdk/aws-elasticloadbalancing": "1.61.0",
        "@aws-cdk/aws-elasticloadbalancingv2": "1.61.0",
        "@aws-cdk/aws-iam": "1.61.0",
        "@aws-cdk/aws-lambda": "1.61.0",
        "@aws-cdk/aws-s3": "1.61.0",
        "@aws-cdk/core": "1.61.0",
        "constructs": "^3.0.4"
      }
    },
    "@aws-cdk/aws-codeguruprofiler": {
      "version": "1.61.0",
      "resolved": "https://registry.npmjs.org/@aws-cdk/aws-codeguruprofiler/-/aws-codeguruprofiler-1.61.0.tgz",
      "integrity": "sha512-eS+evPzEOP2rODucLcNSIlXNozA+/6Pf2H0Igde5UiMmYSX3/ZRXm/EytKNtyF7pnWiWMymmBLwCue2V/FDV0w==",
      "requires": {
        "@aws-cdk/aws-iam": "1.61.0",
        "@aws-cdk/core": "1.61.0"
      }
    },
    "@aws-cdk/aws-codepipeline": {
      "version": "1.61.0",
      "resolved": "https://registry.npmjs.org/@aws-cdk/aws-codepipeline/-/aws-codepipeline-1.61.0.tgz",
      "integrity": "sha512-us6CBwaX76apCTKzQZENoHguyzIzFGdbBs9Wc1j3mgoMF4qNBv4sC+JS22P6CKsOn0P181RABnVak7qe9Ueh0Q==",
      "requires": {
        "@aws-cdk/aws-events": "1.61.0",
        "@aws-cdk/aws-iam": "1.61.0",
        "@aws-cdk/aws-kms": "1.61.0",
        "@aws-cdk/aws-s3": "1.61.0",
        "@aws-cdk/core": "1.61.0",
        "constructs": "^3.0.4"
      }
    },
    "@aws-cdk/aws-codepipeline-actions": {
      "version": "1.61.0",
      "resolved": "https://registry.npmjs.org/@aws-cdk/aws-codepipeline-actions/-/aws-codepipeline-actions-1.61.0.tgz",
      "integrity": "sha512-aiwphiu2YArh2k/eU2V/mqAEBK8U0vlh4q0M1i6psQaltU4ggNjjlWGitNJvY5YuAtWq3btu9OreqG+lbAPQhw==",
      "requires": {
        "@aws-cdk/aws-cloudformation": "1.61.0",
        "@aws-cdk/aws-codebuild": "1.61.0",
        "@aws-cdk/aws-codecommit": "1.61.0",
        "@aws-cdk/aws-codedeploy": "1.61.0",
        "@aws-cdk/aws-codepipeline": "1.61.0",
        "@aws-cdk/aws-ec2": "1.61.0",
        "@aws-cdk/aws-ecr": "1.61.0",
        "@aws-cdk/aws-ecs": "1.61.0",
        "@aws-cdk/aws-events": "1.61.0",
        "@aws-cdk/aws-events-targets": "1.61.0",
        "@aws-cdk/aws-iam": "1.61.0",
        "@aws-cdk/aws-lambda": "1.61.0",
        "@aws-cdk/aws-s3": "1.61.0",
        "@aws-cdk/aws-servicecatalog": "1.61.0",
        "@aws-cdk/aws-sns": "1.61.0",
        "@aws-cdk/aws-sns-subscriptions": "1.61.0",
        "@aws-cdk/aws-stepfunctions": "1.61.0",
        "@aws-cdk/core": "1.61.0",
        "case": "1.6.3",
        "constructs": "^3.0.4"
      },
      "dependencies": {
        "case": {
          "version": "1.6.3",
          "bundled": true
        }
      }
    },
    "@aws-cdk/aws-cognito": {
      "version": "1.61.0",
      "resolved": "https://registry.npmjs.org/@aws-cdk/aws-cognito/-/aws-cognito-1.61.0.tgz",
      "integrity": "sha512-MiZxDVdStTX1uD6NOpeMoKtL/DMyYONG6Hh8t851bLgxjZDQw8W7ZCWTLBjDIymt7m/seFNF3bWdYD883S17fQ==",
      "requires": {
        "@aws-cdk/aws-certificatemanager": "1.61.0",
        "@aws-cdk/aws-iam": "1.61.0",
        "@aws-cdk/aws-lambda": "1.61.0",
        "@aws-cdk/core": "1.61.0",
        "@aws-cdk/custom-resources": "1.61.0",
        "constructs": "^3.0.4"
      }
    },
    "@aws-cdk/aws-ec2": {
      "version": "1.61.0",
      "resolved": "https://registry.npmjs.org/@aws-cdk/aws-ec2/-/aws-ec2-1.61.0.tgz",
      "integrity": "sha512-mW1tij3tuvHfgNlLQst1XkvSOoV/r3iUQFLhJ8QMG8h0KUiHRyY0i+kj3Ern4GxlwNUfM6RY3f12qtSpRpVPxQ==",
      "requires": {
        "@aws-cdk/aws-cloudwatch": "1.61.0",
        "@aws-cdk/aws-iam": "1.61.0",
        "@aws-cdk/aws-kms": "1.61.0",
        "@aws-cdk/aws-logs": "1.61.0",
        "@aws-cdk/aws-s3": "1.61.0",
        "@aws-cdk/aws-s3-assets": "1.61.0",
        "@aws-cdk/aws-ssm": "1.61.0",
        "@aws-cdk/cloud-assembly-schema": "1.61.0",
        "@aws-cdk/core": "1.61.0",
        "@aws-cdk/cx-api": "1.61.0",
        "@aws-cdk/region-info": "1.61.0",
        "constructs": "^3.0.4"
      }
    },
    "@aws-cdk/aws-ecr": {
      "version": "1.61.0",
      "resolved": "https://registry.npmjs.org/@aws-cdk/aws-ecr/-/aws-ecr-1.61.0.tgz",
      "integrity": "sha512-McU56F7CSP7X4YOD8UNgqfxsHx9JmHxks6dZXSV7ugovzBXoxixxkJrFzF0k07+kmCUHRiC9Sr4/HCAVZ8OwLA==",
      "requires": {
        "@aws-cdk/aws-events": "1.61.0",
        "@aws-cdk/aws-iam": "1.61.0",
        "@aws-cdk/core": "1.61.0",
        "@aws-cdk/custom-resources": "1.61.0",
        "constructs": "^3.0.4"
      }
    },
    "@aws-cdk/aws-ecr-assets": {
      "version": "1.61.0",
      "resolved": "https://registry.npmjs.org/@aws-cdk/aws-ecr-assets/-/aws-ecr-assets-1.61.0.tgz",
      "integrity": "sha512-pBOto5/JPlYncEw2gjVFRCJXG9QmAXzocQPdi4m3qaIa7XfE2cYV8lAxorIVLIbWFyPoORVXhuLJ5lp5kj0ARQ==",
      "requires": {
        "@aws-cdk/assets": "1.61.0",
        "@aws-cdk/aws-ecr": "1.61.0",
        "@aws-cdk/aws-iam": "1.61.0",
        "@aws-cdk/aws-lambda": "1.61.0",
        "@aws-cdk/aws-s3": "1.61.0",
        "@aws-cdk/core": "1.61.0",
        "@aws-cdk/cx-api": "1.61.0",
        "constructs": "^3.0.4",
        "minimatch": "^3.0.4"
      },
      "dependencies": {
        "balanced-match": {
          "version": "1.0.0",
          "bundled": true
        },
        "brace-expansion": {
          "version": "1.1.11",
          "bundled": true,
          "requires": {
            "balanced-match": "^1.0.0",
            "concat-map": "0.0.1"
          }
        },
        "concat-map": {
          "version": "0.0.1",
          "bundled": true
        },
        "minimatch": {
          "version": "3.0.4",
          "bundled": true,
          "requires": {
            "brace-expansion": "^1.1.7"
          }
        }
      }
    },
    "@aws-cdk/aws-ecs": {
      "version": "1.61.0",
      "resolved": "https://registry.npmjs.org/@aws-cdk/aws-ecs/-/aws-ecs-1.61.0.tgz",
      "integrity": "sha512-kPDbs3wSMhuwAxIa4jn9gsevLHxm7hjqNf27nSGfyWG5tymoRJAtQLtoVSZTIR5CgPOdew04oRqggknLp3JrvA==",
      "requires": {
        "@aws-cdk/aws-applicationautoscaling": "1.61.0",
        "@aws-cdk/aws-autoscaling": "1.61.0",
        "@aws-cdk/aws-autoscaling-hooktargets": "1.61.0",
        "@aws-cdk/aws-certificatemanager": "1.61.0",
        "@aws-cdk/aws-cloudwatch": "1.61.0",
        "@aws-cdk/aws-ec2": "1.61.0",
        "@aws-cdk/aws-ecr": "1.61.0",
        "@aws-cdk/aws-ecr-assets": "1.61.0",
        "@aws-cdk/aws-elasticloadbalancing": "1.61.0",
        "@aws-cdk/aws-elasticloadbalancingv2": "1.61.0",
        "@aws-cdk/aws-iam": "1.61.0",
        "@aws-cdk/aws-kms": "1.61.0",
        "@aws-cdk/aws-lambda": "1.61.0",
        "@aws-cdk/aws-logs": "1.61.0",
        "@aws-cdk/aws-route53": "1.61.0",
        "@aws-cdk/aws-route53-targets": "1.61.0",
        "@aws-cdk/aws-secretsmanager": "1.61.0",
        "@aws-cdk/aws-servicediscovery": "1.61.0",
        "@aws-cdk/aws-sns": "1.61.0",
        "@aws-cdk/aws-sqs": "1.61.0",
        "@aws-cdk/aws-ssm": "1.61.0",
        "@aws-cdk/core": "1.61.0",
        "@aws-cdk/cx-api": "1.61.0",
        "constructs": "^3.0.4"
      }
    },
    "@aws-cdk/aws-efs": {
      "version": "1.61.0",
      "resolved": "https://registry.npmjs.org/@aws-cdk/aws-efs/-/aws-efs-1.61.0.tgz",
      "integrity": "sha512-WeF3SF681V43E+u2j78om+y4r1Ay4JPTAns8y6SFcZOLqH+6qlXusGrwQoZcHpD4MTSU60NZKD8O0u1A111osg==",
      "requires": {
        "@aws-cdk/aws-ec2": "1.61.0",
        "@aws-cdk/aws-kms": "1.61.0",
        "@aws-cdk/cloud-assembly-schema": "1.61.0",
        "@aws-cdk/core": "1.61.0",
        "@aws-cdk/cx-api": "1.61.0",
        "constructs": "^3.0.4"
      }
    },
    "@aws-cdk/aws-elasticloadbalancing": {
      "version": "1.61.0",
      "resolved": "https://registry.npmjs.org/@aws-cdk/aws-elasticloadbalancing/-/aws-elasticloadbalancing-1.61.0.tgz",
      "integrity": "sha512-2NN731DZz0p+/1dx6iO1n10HfdGZNmw8M9m+jIJJZN1GxqMeh2XqhkUDuN5sGX3vB5sZ9wQmkg/C6zDMHaIgsA==",
      "requires": {
        "@aws-cdk/aws-ec2": "1.61.0",
        "@aws-cdk/core": "1.61.0",
        "constructs": "^3.0.4"
      }
    },
    "@aws-cdk/aws-elasticloadbalancingv2": {
      "version": "1.61.0",
      "resolved": "https://registry.npmjs.org/@aws-cdk/aws-elasticloadbalancingv2/-/aws-elasticloadbalancingv2-1.61.0.tgz",
      "integrity": "sha512-4I7tL68eWnDezmVD1Of/r534pzlRALPkWR4VjKvPCeNpOC8/Z1S750OcLVlAKcTxFYF1FzOqXUXDuwPXEmileA==",
      "requires": {
        "@aws-cdk/aws-certificatemanager": "1.61.0",
        "@aws-cdk/aws-cloudwatch": "1.61.0",
        "@aws-cdk/aws-ec2": "1.61.0",
        "@aws-cdk/aws-iam": "1.61.0",
        "@aws-cdk/aws-lambda": "1.61.0",
        "@aws-cdk/aws-s3": "1.61.0",
        "@aws-cdk/core": "1.61.0",
        "@aws-cdk/region-info": "1.61.0",
        "constructs": "^3.0.4"
      }
    },
    "@aws-cdk/aws-events": {
      "version": "1.61.0",
      "resolved": "https://registry.npmjs.org/@aws-cdk/aws-events/-/aws-events-1.61.0.tgz",
      "integrity": "sha512-DBEi/XPnWvQJ42dv28JdQSHGUz9N6fqYjR8FSNc2s0oXgDqGQ+8rU1Hxcj6s2Qb7lBQ66pHsvlpUcqZANIoddw==",
      "requires": {
        "@aws-cdk/aws-iam": "1.61.0",
        "@aws-cdk/core": "1.61.0",
        "constructs": "^3.0.4"
      }
    },
    "@aws-cdk/aws-events-targets": {
      "version": "1.61.0",
      "resolved": "https://registry.npmjs.org/@aws-cdk/aws-events-targets/-/aws-events-targets-1.61.0.tgz",
      "integrity": "sha512-qf4C/GQ6zFQ+iBZDPIFnkXr7xSUvbsHaqBBJEjsdetiXOmMehXscKdPaMmvudTqT69bucantzfjDXNJ4t8Uxlw==",
      "requires": {
        "@aws-cdk/aws-batch": "1.61.0",
        "@aws-cdk/aws-codebuild": "1.61.0",
        "@aws-cdk/aws-codepipeline": "1.61.0",
        "@aws-cdk/aws-ec2": "1.61.0",
        "@aws-cdk/aws-ecs": "1.61.0",
        "@aws-cdk/aws-events": "1.61.0",
        "@aws-cdk/aws-iam": "1.61.0",
        "@aws-cdk/aws-kinesis": "1.61.0",
        "@aws-cdk/aws-lambda": "1.61.0",
        "@aws-cdk/aws-sns": "1.61.0",
        "@aws-cdk/aws-sns-subscriptions": "1.61.0",
        "@aws-cdk/aws-sqs": "1.61.0",
        "@aws-cdk/aws-stepfunctions": "1.61.0",
        "@aws-cdk/core": "1.61.0",
        "constructs": "^3.0.4"
      }
    },
    "@aws-cdk/aws-iam": {
      "version": "1.61.0",
      "resolved": "https://registry.npmjs.org/@aws-cdk/aws-iam/-/aws-iam-1.61.0.tgz",
      "integrity": "sha512-CDFrRPkt4JR9iSVn+D18ThU201m2Ck2T5+E9044yJqkUgfbcMXO54ls2DlLbCg1RUrazRrqQ9Bu0IxDHbTwaKg==",
      "requires": {
        "@aws-cdk/core": "1.61.0",
        "@aws-cdk/region-info": "1.61.0",
        "constructs": "^3.0.4"
      }
    },
    "@aws-cdk/aws-kinesis": {
      "version": "1.61.0",
      "resolved": "https://registry.npmjs.org/@aws-cdk/aws-kinesis/-/aws-kinesis-1.61.0.tgz",
      "integrity": "sha512-oeXCgMbMEh9kqn3iFcrHQjWA72/MZbEJBidcKpO9590RoFCk6QgOFp1vbByqMDHW18RRgY72KWTeJSCveNN9RQ==",
      "requires": {
        "@aws-cdk/aws-iam": "1.61.0",
        "@aws-cdk/aws-kms": "1.61.0",
        "@aws-cdk/aws-logs": "1.61.0",
        "@aws-cdk/core": "1.61.0",
        "constructs": "^3.0.4"
      }
    },
    "@aws-cdk/aws-kms": {
      "version": "1.61.0",
      "resolved": "https://registry.npmjs.org/@aws-cdk/aws-kms/-/aws-kms-1.61.0.tgz",
      "integrity": "sha512-taSQYpcPM705NN32W2UcgNfezTQbqx5YZDR+jp7A/E4OVdR1jojDJn6LKzsIo71s7DDG/k+77oNXEIJsaIhSRA==",
      "requires": {
        "@aws-cdk/aws-iam": "1.61.0",
        "@aws-cdk/core": "1.61.0",
        "constructs": "^3.0.4"
      }
    },
    "@aws-cdk/aws-lambda": {
      "version": "1.61.0",
      "resolved": "https://registry.npmjs.org/@aws-cdk/aws-lambda/-/aws-lambda-1.61.0.tgz",
      "integrity": "sha512-LhO/f50ovtsd2uUjLdeTEFdnQlbvXvC4VN5BEnX4X2kpdCpUXsnClVb9EQPEAFaDIE6VEpMnQ6rUR27kTerLCg==",
      "requires": {
        "@aws-cdk/aws-applicationautoscaling": "1.61.0",
        "@aws-cdk/aws-cloudwatch": "1.61.0",
        "@aws-cdk/aws-codeguruprofiler": "1.61.0",
        "@aws-cdk/aws-ec2": "1.61.0",
        "@aws-cdk/aws-efs": "1.61.0",
        "@aws-cdk/aws-events": "1.61.0",
        "@aws-cdk/aws-iam": "1.61.0",
        "@aws-cdk/aws-logs": "1.61.0",
        "@aws-cdk/aws-s3": "1.61.0",
        "@aws-cdk/aws-s3-assets": "1.61.0",
        "@aws-cdk/aws-sqs": "1.61.0",
        "@aws-cdk/core": "1.61.0",
        "@aws-cdk/cx-api": "1.61.0",
        "constructs": "^3.0.4"
      }
    },
    "@aws-cdk/aws-logs": {
      "version": "1.61.0",
      "resolved": "https://registry.npmjs.org/@aws-cdk/aws-logs/-/aws-logs-1.61.0.tgz",
      "integrity": "sha512-swEkiF+VFfsfY2GiCO8o9vzAQVnDUghmCZmg2B1oi4QwG850CBiPzAz88QaZOzqX1YWWXTcGU20yADg6D5nRIw==",
      "requires": {
        "@aws-cdk/aws-cloudwatch": "1.61.0",
        "@aws-cdk/aws-iam": "1.61.0",
        "@aws-cdk/aws-s3-assets": "1.61.0",
        "@aws-cdk/core": "1.61.0",
        "constructs": "^3.0.4"
      }
    },
    "@aws-cdk/aws-route53": {
      "version": "1.61.0",
      "resolved": "https://registry.npmjs.org/@aws-cdk/aws-route53/-/aws-route53-1.61.0.tgz",
      "integrity": "sha512-VKfEtqEMXXPBel3/QQMET0jmw7qyAXWOywzSPQ1/8J6th2q9hMzLQOr6fkuf1rTdVMNjLXhHqXq/W+JinfCUqw==",
      "requires": {
        "@aws-cdk/aws-ec2": "1.61.0",
        "@aws-cdk/aws-logs": "1.61.0",
        "@aws-cdk/cloud-assembly-schema": "1.61.0",
        "@aws-cdk/core": "1.61.0",
        "constructs": "^3.0.4"
      }
    },
    "@aws-cdk/aws-route53-targets": {
      "version": "1.61.0",
      "resolved": "https://registry.npmjs.org/@aws-cdk/aws-route53-targets/-/aws-route53-targets-1.61.0.tgz",
      "integrity": "sha512-n/XvJop//2c55iuseJJmcxiiwH6BjINlxHUfcF44meoKCxaKoGZVyWsz0RsK8dL3LV5Rb8XvScrDd/1uaKzHLg==",
      "requires": {
        "@aws-cdk/aws-apigateway": "1.61.0",
        "@aws-cdk/aws-cloudfront": "1.61.0",
        "@aws-cdk/aws-cognito": "1.61.0",
        "@aws-cdk/aws-ec2": "1.61.0",
        "@aws-cdk/aws-elasticloadbalancing": "1.61.0",
        "@aws-cdk/aws-elasticloadbalancingv2": "1.61.0",
        "@aws-cdk/aws-iam": "1.61.0",
        "@aws-cdk/aws-route53": "1.61.0",
        "@aws-cdk/aws-s3": "1.61.0",
        "@aws-cdk/core": "1.61.0",
        "@aws-cdk/region-info": "1.61.0",
        "constructs": "^3.0.4"
      }
    },
    "@aws-cdk/aws-s3": {
      "version": "1.61.0",
      "resolved": "https://registry.npmjs.org/@aws-cdk/aws-s3/-/aws-s3-1.61.0.tgz",
      "integrity": "sha512-tFemzJJtopsiDbcjwpqsSY9xm3wZLWKEg2/9iAAZ4VUEW4feoX7NQyVkYHGH2dfMVufXq/rMZPfbKq7f3cgzAg==",
      "requires": {
        "@aws-cdk/aws-events": "1.61.0",
        "@aws-cdk/aws-iam": "1.61.0",
        "@aws-cdk/aws-kms": "1.61.0",
        "@aws-cdk/core": "1.61.0",
        "constructs": "^3.0.4"
      }
    },
    "@aws-cdk/aws-s3-assets": {
      "version": "1.61.0",
      "resolved": "https://registry.npmjs.org/@aws-cdk/aws-s3-assets/-/aws-s3-assets-1.61.0.tgz",
      "integrity": "sha512-sipvqw0fJcpT3+Hxdzn2UkbBh/tr+jkzplLq2Jk5Jr0E/7+V5t2kmlEQgyG82ug1J2DERMAdlie8AgzGJ5CxhA==",
      "requires": {
        "@aws-cdk/assets": "1.61.0",
        "@aws-cdk/aws-iam": "1.61.0",
        "@aws-cdk/aws-kms": "1.61.0",
        "@aws-cdk/aws-s3": "1.61.0",
        "@aws-cdk/core": "1.61.0",
        "@aws-cdk/cx-api": "1.61.0",
        "constructs": "^3.0.4"
      }
    },
    "@aws-cdk/aws-sam": {
      "version": "1.61.0",
      "resolved": "https://registry.npmjs.org/@aws-cdk/aws-sam/-/aws-sam-1.61.0.tgz",
      "integrity": "sha512-sY1LWP+avf5TLPo5zmHB8QySVchEl/E8Q9oMiuhBHFMKOWWeI2WZ+sZqo/qqhTRULa0NgKhnAY/yHULnqFDRTQ==",
      "requires": {
        "@aws-cdk/core": "1.61.0",
        "constructs": "^3.0.4"
      }
    },
    "@aws-cdk/aws-secretsmanager": {
      "version": "1.61.0",
      "resolved": "https://registry.npmjs.org/@aws-cdk/aws-secretsmanager/-/aws-secretsmanager-1.61.0.tgz",
      "integrity": "sha512-x9yKeh0H1pA75+3ExtAc3vvDuWreh2WBa2WPLFOCdREtOcbIJLNjpsijxEA954IKaFhLwepyfXZQkEtBPek5kQ==",
      "requires": {
        "@aws-cdk/aws-ec2": "1.61.0",
        "@aws-cdk/aws-iam": "1.61.0",
        "@aws-cdk/aws-kms": "1.61.0",
        "@aws-cdk/aws-lambda": "1.61.0",
        "@aws-cdk/aws-sam": "1.61.0",
        "@aws-cdk/core": "1.61.0",
        "constructs": "^3.0.4"
      }
    },
    "@aws-cdk/aws-servicecatalog": {
      "version": "1.61.0",
      "resolved": "https://registry.npmjs.org/@aws-cdk/aws-servicecatalog/-/aws-servicecatalog-1.61.0.tgz",
      "integrity": "sha512-SEIlemATENQCn3KknnQTqCAm9FPVdeNWydwlLyj9WJOn6CycBYXfUm+WIZ11Wu3xTX41uU+N4qyFMhSdpFYUXw==",
      "requires": {
        "@aws-cdk/core": "1.61.0",
        "constructs": "^3.0.4"
      }
    },
    "@aws-cdk/aws-servicediscovery": {
      "version": "1.61.0",
      "resolved": "https://registry.npmjs.org/@aws-cdk/aws-servicediscovery/-/aws-servicediscovery-1.61.0.tgz",
      "integrity": "sha512-gePYcULaFkfMvy/3EiR4hGXp9n9EiWDFO+88Qccq7leMUFFIBacVC/XvuxlfwA+CCGLpLV9RaPA5i7xiXFYyXA==",
      "requires": {
        "@aws-cdk/aws-ec2": "1.61.0",
        "@aws-cdk/aws-elasticloadbalancingv2": "1.61.0",
        "@aws-cdk/aws-route53": "1.61.0",
        "@aws-cdk/core": "1.61.0",
        "constructs": "^3.0.4"
      }
    },
    "@aws-cdk/aws-sns": {
      "version": "1.61.0",
      "resolved": "https://registry.npmjs.org/@aws-cdk/aws-sns/-/aws-sns-1.61.0.tgz",
      "integrity": "sha512-jmJmZXidJAJTg4lPnxMm26QR3ovMYb/89NBWnIRwGdVGcZ7nrWUkC0JNPQMbP+EvUFdh/9xdFVP4JvvzZzoy0w==",
      "requires": {
        "@aws-cdk/aws-cloudwatch": "1.61.0",
        "@aws-cdk/aws-events": "1.61.0",
        "@aws-cdk/aws-iam": "1.61.0",
        "@aws-cdk/aws-kms": "1.61.0",
        "@aws-cdk/aws-sqs": "1.61.0",
        "@aws-cdk/core": "1.61.0",
        "constructs": "^3.0.4"
      }
    },
    "@aws-cdk/aws-sns-subscriptions": {
      "version": "1.61.0",
      "resolved": "https://registry.npmjs.org/@aws-cdk/aws-sns-subscriptions/-/aws-sns-subscriptions-1.61.0.tgz",
      "integrity": "sha512-XhRJlbaNKrl5+cIhSf8fIeV1gcWyg25O86k5j6dt4KOGYWa4fpYkxF4KwUKKYtugk0F887K7F4/DmDOtqm5JuQ==",
      "requires": {
        "@aws-cdk/aws-iam": "1.61.0",
        "@aws-cdk/aws-lambda": "1.61.0",
        "@aws-cdk/aws-sns": "1.61.0",
        "@aws-cdk/aws-sqs": "1.61.0",
        "@aws-cdk/core": "1.61.0",
        "constructs": "^3.0.4"
      }
    },
    "@aws-cdk/aws-sqs": {
      "version": "1.61.0",
      "resolved": "https://registry.npmjs.org/@aws-cdk/aws-sqs/-/aws-sqs-1.61.0.tgz",
      "integrity": "sha512-gyShf5rmUZCovSHL4PXvAD6TA/xmPESpsi+zx7HU/VXyeGgO6inq/sVzWM0OpCrNUnnoSct5p0yZJytRBnVYaA==",
      "requires": {
        "@aws-cdk/aws-cloudwatch": "1.61.0",
        "@aws-cdk/aws-iam": "1.61.0",
        "@aws-cdk/aws-kms": "1.61.0",
        "@aws-cdk/core": "1.61.0",
        "constructs": "^3.0.4"
      }
    },
    "@aws-cdk/aws-ssm": {
      "version": "1.61.0",
      "resolved": "https://registry.npmjs.org/@aws-cdk/aws-ssm/-/aws-ssm-1.61.0.tgz",
      "integrity": "sha512-fOr2g7V7pR9bP7CXWLznM3d0/8EW76pjKLe+uGeXpqnrtXaGCvFBjiAms10oZ2584bn2bWIzikGmzzxzpamJbg==",
      "requires": {
        "@aws-cdk/aws-iam": "1.61.0",
        "@aws-cdk/aws-kms": "1.61.0",
        "@aws-cdk/cloud-assembly-schema": "1.61.0",
        "@aws-cdk/core": "1.61.0",
        "constructs": "^3.0.4"
      },
      "dependencies": {
        "@aws-cdk/aws-iam": {
          "version": "1.61.0",
          "resolved": "https://registry.npmjs.org/@aws-cdk/aws-iam/-/aws-iam-1.61.0.tgz",
          "integrity": "sha512-CDFrRPkt4JR9iSVn+D18ThU201m2Ck2T5+E9044yJqkUgfbcMXO54ls2DlLbCg1RUrazRrqQ9Bu0IxDHbTwaKg==",
          "requires": {
            "@aws-cdk/core": "1.61.0",
            "@aws-cdk/region-info": "1.61.0",
            "constructs": "^3.0.4"
          }
        },
        "@aws-cdk/aws-kms": {
          "version": "1.61.0",
          "resolved": "https://registry.npmjs.org/@aws-cdk/aws-kms/-/aws-kms-1.61.0.tgz",
          "integrity": "sha512-taSQYpcPM705NN32W2UcgNfezTQbqx5YZDR+jp7A/E4OVdR1jojDJn6LKzsIo71s7DDG/k+77oNXEIJsaIhSRA==",
          "requires": {
            "@aws-cdk/aws-iam": "1.61.0",
            "@aws-cdk/core": "1.61.0",
            "constructs": "^3.0.4"
          }
        },
        "@aws-cdk/cloud-assembly-schema": {
          "version": "1.61.0",
          "resolved": "https://registry.npmjs.org/@aws-cdk/cloud-assembly-schema/-/cloud-assembly-schema-1.61.0.tgz",
          "integrity": "sha512-+D1K159eNxWDGJNiyQcwczddzqFDS08b2VAJrgJFvqhMNbNWWuYxxxEJoh5jH9iULr2a52WXrrQfF72HbB0jUQ==",
          "requires": {
            "jsonschema": "^1.2.5",
            "semver": "^7.2.2"
          },
          "dependencies": {
            "jsonschema": {
              "version": "1.2.6",
              "bundled": true
            },
            "semver": {
              "version": "7.3.2",
              "bundled": true
            }
          }
        },
        "@aws-cdk/core": {
          "version": "1.61.0",
          "resolved": "https://registry.npmjs.org/@aws-cdk/core/-/core-1.61.0.tgz",
          "integrity": "sha512-g6vOR7zqWfbSzIM2kqUPH0Tdk4tOUFGX1TM5crty1ndkNja84PvAzEjQZr34U2aCGk+EI2pyB/4D7BLiAhAvKw==",
          "requires": {
            "@aws-cdk/cloud-assembly-schema": "1.61.0",
            "@aws-cdk/cx-api": "1.61.0",
            "constructs": "^3.0.4",
            "fs-extra": "^9.0.1",
            "minimatch": "^3.0.4"
          },
          "dependencies": {
            "at-least-node": {
              "version": "1.0.0",
              "bundled": true
            },
            "balanced-match": {
              "version": "1.0.0",
              "bundled": true
            },
            "brace-expansion": {
              "version": "1.1.11",
              "bundled": true,
              "requires": {
                "balanced-match": "^1.0.0",
                "concat-map": "0.0.1"
              }
            },
            "concat-map": {
              "version": "0.0.1",
              "bundled": true
            },
            "fs-extra": {
              "version": "9.0.1",
              "bundled": true,
              "requires": {
                "at-least-node": "^1.0.0",
                "graceful-fs": "^4.2.0",
                "jsonfile": "^6.0.1",
                "universalify": "^1.0.0"
              }
            },
            "graceful-fs": {
              "version": "4.2.4",
              "bundled": true
            },
            "jsonfile": {
              "version": "6.0.1",
              "bundled": true,
              "requires": {
                "graceful-fs": "^4.1.6",
                "universalify": "^1.0.0"
              }
            },
            "minimatch": {
              "version": "3.0.4",
              "bundled": true,
              "requires": {
                "brace-expansion": "^1.1.7"
              }
            },
            "universalify": {
              "version": "1.0.0",
              "bundled": true
            }
          }
        },
        "@aws-cdk/cx-api": {
          "version": "1.61.0",
          "resolved": "https://registry.npmjs.org/@aws-cdk/cx-api/-/cx-api-1.61.0.tgz",
          "integrity": "sha512-SOn1aLhp2Zot1Qqev1REbgL2n0Ccl9sfg1nJMWnGxAmjarazJfvW22llYKnJPuFkgHswaBlifBxAA4WgKbUn6g==",
          "requires": {
            "@aws-cdk/cloud-assembly-schema": "1.61.0",
            "semver": "^7.2.2"
          },
          "dependencies": {
            "semver": {
              "version": "7.3.2",
              "bundled": true
            }
          }
        },
        "@aws-cdk/region-info": {
          "version": "1.61.0",
          "resolved": "https://registry.npmjs.org/@aws-cdk/region-info/-/region-info-1.61.0.tgz",
          "integrity": "sha512-/10gvecycNJhYM2LIkA0XaoWgUZQ6K5FIIRaf/o4PbgHyR8WTyEPO6lbT0GoKi69TvC+18xzJ4iZ1p3ZdRnUYw=="
        }
      }
    },
    "@aws-cdk/aws-stepfunctions": {
      "version": "1.61.0",
      "resolved": "https://registry.npmjs.org/@aws-cdk/aws-stepfunctions/-/aws-stepfunctions-1.61.0.tgz",
      "integrity": "sha512-Dnq7NCAFqwMPdI/NGnJukYLQ68MhzKZTo2v1PIxQnlRBAuYQMMZZjZ2odTCpAfRsqoG97KEqMm0X/Q0P6T1KKg==",
      "requires": {
        "@aws-cdk/aws-cloudwatch": "1.61.0",
        "@aws-cdk/aws-events": "1.61.0",
        "@aws-cdk/aws-iam": "1.61.0",
        "@aws-cdk/aws-logs": "1.61.0",
        "@aws-cdk/core": "1.61.0",
        "constructs": "^3.0.4"
      }
    },
    "@aws-cdk/cloud-assembly-schema": {
      "version": "1.61.0",
      "resolved": "https://registry.npmjs.org/@aws-cdk/cloud-assembly-schema/-/cloud-assembly-schema-1.61.0.tgz",
      "integrity": "sha512-+D1K159eNxWDGJNiyQcwczddzqFDS08b2VAJrgJFvqhMNbNWWuYxxxEJoh5jH9iULr2a52WXrrQfF72HbB0jUQ==",
      "requires": {
        "jsonschema": "^1.2.5",
        "semver": "^7.2.2"
      },
      "dependencies": {
        "jsonschema": {
          "version": "1.2.6",
          "bundled": true
        },
        "semver": {
          "version": "7.3.2",
          "bundled": true
        }
      }
    },
    "@aws-cdk/core": {
      "version": "1.61.0",
      "resolved": "https://registry.npmjs.org/@aws-cdk/core/-/core-1.61.0.tgz",
      "integrity": "sha512-g6vOR7zqWfbSzIM2kqUPH0Tdk4tOUFGX1TM5crty1ndkNja84PvAzEjQZr34U2aCGk+EI2pyB/4D7BLiAhAvKw==",
      "requires": {
        "@aws-cdk/cloud-assembly-schema": "1.61.0",
        "@aws-cdk/cx-api": "1.61.0",
        "constructs": "^3.0.4",
        "fs-extra": "^9.0.1",
        "minimatch": "^3.0.4"
      },
      "dependencies": {
        "at-least-node": {
          "version": "1.0.0",
          "bundled": true
        },
        "balanced-match": {
          "version": "1.0.0",
          "bundled": true
        },
        "brace-expansion": {
          "version": "1.1.11",
          "bundled": true,
          "requires": {
            "balanced-match": "^1.0.0",
            "concat-map": "0.0.1"
          }
        },
        "concat-map": {
          "version": "0.0.1",
          "bundled": true
        },
        "fs-extra": {
          "version": "9.0.1",
          "bundled": true,
          "requires": {
            "at-least-node": "^1.0.0",
            "graceful-fs": "^4.2.0",
            "jsonfile": "^6.0.1",
            "universalify": "^1.0.0"
          }
        },
        "graceful-fs": {
          "version": "4.2.4",
          "bundled": true
        },
        "jsonfile": {
          "version": "6.0.1",
          "bundled": true,
          "requires": {
            "graceful-fs": "^4.1.6",
            "universalify": "^1.0.0"
          }
        },
        "minimatch": {
          "version": "3.0.4",
          "bundled": true,
          "requires": {
            "brace-expansion": "^1.1.7"
          }
        },
        "universalify": {
          "version": "1.0.0",
          "bundled": true
        }
      }
    },
    "@aws-cdk/custom-resources": {
      "version": "1.61.0",
      "resolved": "https://registry.npmjs.org/@aws-cdk/custom-resources/-/custom-resources-1.61.0.tgz",
      "integrity": "sha512-etnHE7A0+J5w1L/m+KxEbPQ7LgtVYvEUV6naqRp5uIsTBaJ9sCQ+q43Y3Fj+g3NMigm8C2fKg5FmiFE6kiymDQ==",
      "requires": {
        "@aws-cdk/aws-cloudformation": "1.61.0",
        "@aws-cdk/aws-iam": "1.61.0",
        "@aws-cdk/aws-lambda": "1.61.0",
        "@aws-cdk/aws-logs": "1.61.0",
        "@aws-cdk/aws-sns": "1.61.0",
        "@aws-cdk/core": "1.61.0",
        "constructs": "^3.0.4"
      }
    },
    "@aws-cdk/cx-api": {
      "version": "1.61.0",
      "resolved": "https://registry.npmjs.org/@aws-cdk/cx-api/-/cx-api-1.61.0.tgz",
      "integrity": "sha512-SOn1aLhp2Zot1Qqev1REbgL2n0Ccl9sfg1nJMWnGxAmjarazJfvW22llYKnJPuFkgHswaBlifBxAA4WgKbUn6g==",
      "requires": {
        "@aws-cdk/cloud-assembly-schema": "1.61.0",
        "semver": "^7.2.2"
      },
      "dependencies": {
        "semver": {
          "version": "7.3.2",
          "bundled": true
        }
      }
    },
    "@aws-cdk/pipelines": {
      "version": "1.61.0",
      "resolved": "https://registry.npmjs.org/@aws-cdk/pipelines/-/pipelines-1.61.0.tgz",
      "integrity": "sha512-J7BVyTvsLxCKFZnqC+TVk3pjZyOExL+mjYs4j6yZISpRRlQiVcJS+mrbLpTr7yzcQCiq5Fc9WgJGwkX7ZrcCxQ==",
      "requires": {
        "@aws-cdk/aws-cloudformation": "1.61.0",
        "@aws-cdk/aws-codebuild": "1.61.0",
        "@aws-cdk/aws-codepipeline": "1.61.0",
        "@aws-cdk/aws-codepipeline-actions": "1.61.0",
        "@aws-cdk/aws-events": "1.61.0",
        "@aws-cdk/aws-iam": "1.61.0",
        "@aws-cdk/aws-s3-assets": "1.61.0",
        "@aws-cdk/cloud-assembly-schema": "1.61.0",
        "@aws-cdk/core": "1.61.0",
        "@aws-cdk/cx-api": "1.61.0",
        "constructs": "^3.0.4"
      }
    },
    "@aws-cdk/region-info": {
      "version": "1.61.0",
      "resolved": "https://registry.npmjs.org/@aws-cdk/region-info/-/region-info-1.61.0.tgz",
      "integrity": "sha512-/10gvecycNJhYM2LIkA0XaoWgUZQ6K5FIIRaf/o4PbgHyR8WTyEPO6lbT0GoKi69TvC+18xzJ4iZ1p3ZdRnUYw=="
    },
    "constructs": {
      "version": "3.0.4",
      "resolved": "https://registry.npmjs.org/constructs/-/constructs-3.0.4.tgz",
      "integrity": "sha512-CDvg7gMjphE3DFX4pzkF6j73NREbR8npPFW8Mx/CLRnMR035+Y1o1HrXIsNSss/dq3ZUnNTU9jKyd3fL9EOlfw=="
    }
  }
}
